
Microsoft Visual Studio Solution File, Format Version 12.00
# Visual Studio Version 17
VisualStudioVersion = 17.1.32407.343
MinimumVisualStudioVersion = 10.0.40219.1
Project("{FAE04EC0-301F-11D3-BF4B-00C04F79EFBC}") = "CodeFirst", "CodeFirst\CodeFirst.csproj", "{2F2D13D9-ABC9-4FBB-AB6F-EA9FDAF70C1A}"
EndProject
Global
	GlobalSection(SolutionConfigurationPlatforms) = preSolution
		Debug|Any CPU = Debug|Any CPU
		Release|Any CPU = Release|Any CPU
	EndGlobalSection
	GlobalSection(ProjectConfigurationPlatforms) = postSolution
		{2F2D13D9-ABC9-4FBB-AB6F-EA9FDAF70C1A}.Debug|Any CPU.ActiveCfg = Debug|Any CPU
		{2F2D13D9-ABC9-4FBB-AB6F-EA9FDAF70C1A}.Debug|Any CPU.Build.0 = Debug|Any CPU
		{2F2D13D9-ABC9-4FBB-AB6F-EA9FDAF70C1A}.Release|Any CPU.ActiveCfg = Release|Any CPU
		{2F2D13D9-ABC9-4FBB-AB6F-EA9FDAF70C1A}.Release|Any CPU.Build.0 = Release|Any CPU
	EndGlobalSection
	GlobalSection(SolutionProperties) = preSolution
		HideSolutionNode = FALSE
	EndGlobalSection
	GlobalSection(ExtensibilityGlobals) = postSolution
		SolutionGuid = {390E2937-EB94-486D-BE25-2DBD6569CF9F}
	EndGlobalSection
EndGlobal
